
Microsoft Visual Studio Solution File, Format Version 12.00
# Visual Studio Version 16
VisualStudioVersion = 16.0.29201.188
MinimumVisualStudioVersion = 10.0.40219.1
Project("{9A19103F-16F7-4668-BE54-9A1E7A4F7556}") = "WFWAnalysis", "WFWAnalysis\WFWAnalysis.csproj", "{615ED129-EC11-4CE6-8266-4A90502E0C39}"
EndProject
Project("{FAE04EC0-301F-11D3-BF4B-00C04F79EFBC}") = "WFWAnalysisTest", "WFWAnalysisTest\WFWAnalysisTest.csproj", "{9ED50DAF-6DB9-4BA5-8522-FFD5FFC63D62}"
EndProject
Global
	GlobalSection(SolutionConfigurationPlatforms) = preSolution
		Debug|Any CPU = Debug|Any CPU
		Release|Any CPU = Release|Any CPU
	EndGlobalSection
	GlobalSection(ProjectConfigurationPlatforms) = postSolution
		{615ED129-EC11-4CE6-8266-4A90502E0C39}.Debug|Any CPU.ActiveCfg = Debug|Any CPU
		{615ED129-EC11-4CE6-8266-4A90502E0C39}.Debug|Any CPU.Build.0 = Debug|Any CPU
		{615ED129-EC11-4CE6-8266-4A90502E0C39}.Release|Any CPU.ActiveCfg = Release|Any CPU
		{615ED129-EC11-4CE6-8266-4A90502E0C39}.Release|Any CPU.Build.0 = Release|Any CPU
		{9ED50DAF-6DB9-4BA5-8522-FFD5FFC63D62}.Debug|Any CPU.ActiveCfg = Debug|Any CPU
		{9ED50DAF-6DB9-4BA5-8522-FFD5FFC63D62}.Debug|Any CPU.Build.0 = Debug|Any CPU
		{9ED50DAF-6DB9-4BA5-8522-FFD5FFC63D62}.Release|Any CPU.ActiveCfg = Release|Any CPU
		{9ED50DAF-6DB9-4BA5-8522-FFD5FFC63D62}.Release|Any CPU.Build.0 = Release|Any CPU
	EndGlobalSection
	GlobalSection(SolutionProperties) = preSolution
		HideSolutionNode = FALSE
	EndGlobalSection
	GlobalSection(ExtensibilityGlobals) = postSolution
		SolutionGuid = {A6304B15-CACF-43D5-8F09-2A895700398B}
	EndGlobalSection
EndGlobal
